
Microsoft Visual Studio Solution File, Format Version 12.00
# Visual Studio Version 17
VisualStudioVersion = 17.4.33213.308
MinimumVisualStudioVersion = 10.0.40219.1
Project("{FAE04EC0-301F-11D3-BF4B-00C04F79EFBC}") = "files", "files\files.csproj", "{DA2C6041-6D74-45AA-89C4-A8E60DD1D775}"
EndProject
Global
	GlobalSection(SolutionConfigurationPlatforms) = preSolution
		Debug|Any CPU = Debug|Any CPU
		Release|Any CPU = Release|Any CPU
	EndGlobalSection
	GlobalSection(ProjectConfigurationPlatforms) = postSolution
		{DA2C6041-6D74-45AA-89C4-A8E60DD1D775}.Debug|Any CPU.ActiveCfg = Debug|Any CPU
		{DA2C6041-6D74-45AA-89C4-A8E60DD1D775}.Debug|Any CPU.Build.0 = Debug|Any CPU
		{DA2C6041-6D74-45AA-89C4-A8E60DD1D775}.Release|Any CPU.ActiveCfg = Release|Any CPU
		{DA2C6041-6D74-45AA-89C4-A8E60DD1D775}.Release|Any CPU.Build.0 = Release|Any CPU
	EndGlobalSection
	GlobalSection(SolutionProperties) = preSolution
		HideSolutionNode = FALSE
	EndGlobalSection
	GlobalSection(ExtensibilityGlobals) = postSolution
		SolutionGuid = {4368B8F3-FEE7-42BB-B784-4C858F59641F}
	EndGlobalSection
EndGlobal
