
Microsoft Visual Studio Solution File, Format Version 12.00
# Visual Studio Version 17
VisualStudioVersion = 17.4.33213.308
MinimumVisualStudioVersion = 10.0.40219.1
Project("{FAE04EC0-301F-11D3-BF4B-00C04F79EFBC}") = "PlaceDuMarche", "PlaceDuMarche\PlaceDuMarche.csproj", "{6FC3D9D8-67CA-4AA0-82B5-060F79CFCC55}"
EndProject
Global
	GlobalSection(SolutionConfigurationPlatforms) = preSolution
		Debug|Any CPU = Debug|Any CPU
		Release|Any CPU = Release|Any CPU
	EndGlobalSection
	GlobalSection(ProjectConfigurationPlatforms) = postSolution
		{6FC3D9D8-67CA-4AA0-82B5-060F79CFCC55}.Debug|Any CPU.ActiveCfg = Debug|Any CPU
		{6FC3D9D8-67CA-4AA0-82B5-060F79CFCC55}.Debug|Any CPU.Build.0 = Debug|Any CPU
		{6FC3D9D8-67CA-4AA0-82B5-060F79CFCC55}.Release|Any CPU.ActiveCfg = Release|Any CPU
		{6FC3D9D8-67CA-4AA0-82B5-060F79CFCC55}.Release|Any CPU.Build.0 = Release|Any CPU
	EndGlobalSection
	GlobalSection(SolutionProperties) = preSolution
		HideSolutionNode = FALSE
	EndGlobalSection
	GlobalSection(ExtensibilityGlobals) = postSolution
		SolutionGuid = {E79485A3-20F3-42FE-8F3A-AFF7D7D56444}
	EndGlobalSection
EndGlobal
