
Microsoft Visual Studio Solution File, Format Version 12.00
# Visual Studio Version 17
VisualStudioVersion = 17.4.33213.308
MinimumVisualStudioVersion = 10.0.40219.1
Project("{FAE04EC0-301F-11D3-BF4B-00C04F79EFBC}") = "ExMarche-retour", "ExMarche-retour\ExMarche-retour.csproj", "{21526C9B-5048-4470-8DAB-FBD7349AF96B}"
EndProject
Global
	GlobalSection(SolutionConfigurationPlatforms) = preSolution
		Debug|Any CPU = Debug|Any CPU
		Release|Any CPU = Release|Any CPU
	EndGlobalSection
	GlobalSection(ProjectConfigurationPlatforms) = postSolution
		{21526C9B-5048-4470-8DAB-FBD7349AF96B}.Debug|Any CPU.ActiveCfg = Debug|Any CPU
		{21526C9B-5048-4470-8DAB-FBD7349AF96B}.Debug|Any CPU.Build.0 = Debug|Any CPU
		{21526C9B-5048-4470-8DAB-FBD7349AF96B}.Release|Any CPU.ActiveCfg = Release|Any CPU
		{21526C9B-5048-4470-8DAB-FBD7349AF96B}.Release|Any CPU.Build.0 = Release|Any CPU
	EndGlobalSection
	GlobalSection(SolutionProperties) = preSolution
		HideSolutionNode = FALSE
	EndGlobalSection
	GlobalSection(ExtensibilityGlobals) = postSolution
		SolutionGuid = {308D2FCF-97EB-41B7-964F-41314C37B106}
	EndGlobalSection
EndGlobal
